// !$*UTF8*$!
{
	archiveVersion = 1;
	classes = {
	};
	objectVersion = 45;
	objects = {

/* Begin PBXBuildFile section */
		1D3623260D0F684500981E51 /* SQLPOTestsAppDelegate.m in Sources */ = {isa = PBXBuildFile; fileRef = 1D3623250D0F684500981E51 /* SQLPOTestsAppDelegate.m */; };
		1D60589B0D05DD56006BFB54 /* main.m in Sources */ = {isa = PBXBuildFile; fileRef = 29B97316FDCFA39411CA2CEA /* main.m */; };
		1D60589F0D05DD5A006BFB54 /* Foundation.framework in Frameworks */ = {isa = PBXBuildFile; fileRef = 1D30AB110D05D00D00671497 /* Foundation.framework */; };
		1DF5F4E00D08C38300B7A737 /* UIKit.framework in Frameworks */ = {isa = PBXBuildFile; fileRef = 1DF5F4DF0D08C38300B7A737 /* UIKit.framework */; };
		2892E4100DC94CBA00A64D0F /* CoreGraphics.framework in Frameworks */ = {isa = PBXBuildFile; fileRef = 2892E40F0DC94CBA00A64D0F /* CoreGraphics.framework */; };
		2899E5600DE3E45000AC0155 /* RootViewController.xib in Resources */ = {isa = PBXBuildFile; fileRef = 2899E55F0DE3E45000AC0155 /* RootViewController.xib */; };
		28AD73600D9D9599002E5188 /* MainWindow.xib in Resources */ = {isa = PBXBuildFile; fileRef = 28AD735F0D9D9599002E5188 /* MainWindow.xib */; };
		28C286E10D94DF7D0034E888 /* RootViewController.m in Sources */ = {isa = PBXBuildFile; fileRef = 28C286E00D94DF7D0034E888 /* RootViewController.m */; };
		8A9968C90F6640440025564F /* SQLPOTestsPerson.m in Sources */ = {isa = PBXBuildFile; fileRef = 8A9968C80F6640440025564F /* SQLPOTestsPerson.m */; };
		8A9968CC0F6640590025564F /* SQLPOTestsPet.m in Sources */ = {isa = PBXBuildFile; fileRef = 8A9968CB0F6640590025564F /* SQLPOTestsPet.m */; };
		8A9968CF0F66406D0025564F /* SQLPOTestsGroomer.m in Sources */ = {isa = PBXBuildFile; fileRef = 8A9968CE0F66406D0025564F /* SQLPOTestsGroomer.m */; };
		8A9969050F6773190025564F /* NSData-SQLitePersistence.m in Sources */ = {isa = PBXBuildFile; fileRef = 8A9968E60F6773190025564F /* NSData-SQLitePersistence.m */; };
		8A9969060F6773190025564F /* NSDate-SQLitePersistence.m in Sources */ = {isa = PBXBuildFile; fileRef = 8A9968E80F6773190025564F /* NSDate-SQLitePersistence.m */; };
		8A9969070F6773190025564F /* NSMutableArray-MultipleSort.m in Sources */ = {isa = PBXBuildFile; fileRef = 8A9968EA0F6773190025564F /* NSMutableArray-MultipleSort.m */; };
		8A9969080F6773190025564F /* NSMutableData-SQLitePersistence.m in Sources */ = {isa = PBXBuildFile; fileRef = 8A9968EC0F6773190025564F /* NSMutableData-SQLitePersistence.m */; };
		8A9969090F6773190025564F /* NSNumber-SQLitePersistence.m in Sources */ = {isa = PBXBuildFile; fileRef = 8A9968EE0F6773190025564F /* NSNumber-SQLitePersistence.m */; };
		8A99690A0F6773190025564F /* NSObject-ClassName.m in Sources */ = {isa = PBXBuildFile; fileRef = 8A9968F00F6773190025564F /* NSObject-ClassName.m */; };
		8A99690B0F6773190025564F /* NSObject-MissingKV.m in Sources */ = {isa = PBXBuildFile; fileRef = 8A9968F20F6773190025564F /* NSObject-MissingKV.m */; };
		8A99690C0F6773190025564F /* NSObject-SQLitePersistence.m in Sources */ = {isa = PBXBuildFile; fileRef = 8A9968F40F6773190025564F /* NSObject-SQLitePersistence.m */; };
		8A99690D0F6773190025564F /* NSString-NumberStuff.m in Sources */ = {isa = PBXBuildFile; fileRef = 8A9968F60F6773190025564F /* NSString-NumberStuff.m */; };
		8A99690E0F6773190025564F /* NSString-SQLiteColumnName.m in Sources */ = {isa = PBXBuildFile; fileRef = 8A9968F80F6773190025564F /* NSString-SQLiteColumnName.m */; };
		8A99690F0F6773190025564F /* NSString-SQLitePersistence.m in Sources */ = {isa = PBXBuildFile; fileRef = 8A9968FA0F6773190025564F /* NSString-SQLitePersistence.m */; };
		8A9969100F6773190025564F /* NSString-UppercaseFirst.m in Sources */ = {isa = PBXBuildFile; fileRef = 8A9968FC0F6773190025564F /* NSString-UppercaseFirst.m */; };
		8A9969110F6773190025564F /* SQLiteInstanceManager.m in Sources */ = {isa = PBXBuildFile; fileRef = 8A9968FE0F6773190025564F /* SQLiteInstanceManager.m */; };
		8A9969120F6773190025564F /* SQLitePersistentObject.m in Sources */ = {isa = PBXBuildFile; fileRef = 8A9969000F6773190025564F /* SQLitePersistentObject.m */; };
		8A9969130F6773190025564F /* UIColor-SQLitePersistentObject.m in Sources */ = {isa = PBXBuildFile; fileRef = 8A9969020F6773190025564F /* UIColor-SQLitePersistentObject.m */; };
		8A9969140F6773190025564F /* UIImage-SQLitePersistence.m in Sources */ = {isa = PBXBuildFile; fileRef = 8A9969040F6773190025564F /* UIImage-SQLitePersistence.m */; };
		8A99692B0F6773C10025564F /* libsqlite3.0.dylib in Frameworks */ = {isa = PBXBuildFile; fileRef = 8A99692A0F6773C10025564F /* libsqlite3.0.dylib */; };
		8A9969720F67870C0025564F /* sqlpotests.sqlite3 in Resources */ = {isa = PBXBuildFile; fileRef = 8A9969710F67870C0025564F /* sqlpotests.sqlite3 */; };
/* End PBXBuildFile section */

/* Begin PBXFileReference section */
		1D30AB110D05D00D00671497 /* Foundation.framework */ = {isa = PBXFileReference; lastKnownFileType = wrapper.framework; name = Foundation.framework; path = System/Library/Frameworks/Foundation.framework; sourceTree = SDKROOT; };
		1D3623240D0F684500981E51 /* SQLPOTestsAppDelegate.h */ = {isa = PBXFileReference; fileEncoding = 4; lastKnownFileType = sourcecode.c.h; path = SQLPOTestsAppDelegate.h; sourceTree = "<group>"; };
		1D3623250D0F684500981E51 /* SQLPOTestsAppDelegate.m */ = {isa = PBXFileReference; fileEncoding = 4; lastKnownFileType = sourcecode.c.objc; path = SQLPOTestsAppDelegate.m; sourceTree = "<group>"; };
		1D6058910D05DD3D006BFB54 /* SQLPOTests.app */ = {isa = PBXFileReference; explicitFileType = wrapper.application; includeInIndex = 0; path = SQLPOTests.app; sourceTree = BUILT_PRODUCTS_DIR; };
		1DF5F4DF0D08C38300B7A737 /* UIKit.framework */ = {isa = PBXFileReference; lastKnownFileType = wrapper.framework; name = UIKit.framework; path = System/Library/Frameworks/UIKit.framework; sourceTree = SDKROOT; };
		2892E40F0DC94CBA00A64D0F /* CoreGraphics.framework */ = {isa = PBXFileReference; lastKnownFileType = wrapper.framework; name = CoreGraphics.framework; path = System/Library/Frameworks/CoreGraphics.framework; sourceTree = SDKROOT; };
		2899E55F0DE3E45000AC0155 /* RootViewController.xib */ = {isa = PBXFileReference; lastKnownFileType = file.xib; path = RootViewController.xib; sourceTree = "<group>"; };
		28A0AAE50D9B0CCF005BE974 /* SQLPOTests_Prefix.pch */ = {isa = PBXFileReference; fileEncoding = 4; lastKnownFileType = sourcecode.c.h; path = SQLPOTests_Prefix.pch; sourceTree = "<group>"; };
		28AD735F0D9D9599002E5188 /* MainWindow.xib */ = {isa = PBXFileReference; lastKnownFileType = file.xib; path = MainWindow.xib; sourceTree = "<group>"; };
		28C286DF0D94DF7D0034E888 /* RootViewController.h */ = {isa = PBXFileReference; fileEncoding = 4; lastKnownFileType = sourcecode.c.h; path = RootViewController.h; sourceTree = "<group>"; };
		28C286E00D94DF7D0034E888 /* RootViewController.m */ = {isa = PBXFileReference; fileEncoding = 4; lastKnownFileType = sourcecode.c.objc; path = RootViewController.m; sourceTree = "<group>"; };
		29B97316FDCFA39411CA2CEA /* main.m */ = {isa = PBXFileReference; fileEncoding = 4; lastKnownFileType = sourcecode.c.objc; path = main.m; sourceTree = "<group>"; };
		8A9968C70F6640440025564F /* SQLPOTestsPerson.h */ = {isa = PBXFileReference; fileEncoding = 4; lastKnownFileType = sourcecode.c.h; path = SQLPOTestsPerson.h; sourceTree = "<group>"; };
		8A9968C80F6640440025564F /* SQLPOTestsPerson.m */ = {isa = PBXFileReference; fileEncoding = 4; lastKnownFileType = sourcecode.c.objc; path = SQLPOTestsPerson.m; sourceTree = "<group>"; };
		8A9968CA0F6640590025564F /* SQLPOTestsPet.h */ = {isa = PBXFileReference; fileEncoding = 4; lastKnownFileType = sourcecode.c.h; path = SQLPOTestsPet.h; sourceTree = "<group>"; };
		8A9968CB0F6640590025564F /* SQLPOTestsPet.m */ = {isa = PBXFileReference; fileEncoding = 4; lastKnownFileType = sourcecode.c.objc; path = SQLPOTestsPet.m; sourceTree = "<group>"; };
		8A9968CD0F66406D0025564F /* SQLPOTestsGroomer.h */ = {isa = PBXFileReference; fileEncoding = 4; lastKnownFileType = sourcecode.c.h; path = SQLPOTestsGroomer.h; sourceTree = "<group>"; };
		8A9968CE0F66406D0025564F /* SQLPOTestsGroomer.m */ = {isa = PBXFileReference; fileEncoding = 4; lastKnownFileType = sourcecode.c.objc; path = SQLPOTestsGroomer.m; sourceTree = "<group>"; };
		8A9968E50F6773190025564F /* NSData-SQLitePersistence.h */ = {isa = PBXFileReference; fileEncoding = 4; lastKnownFileType = sourcecode.c.h; name = "NSData-SQLitePersistence.h"; path = "SQLitePersistentObjects/NSData-SQLitePersistence.h"; sourceTree = "<group>"; };
		8A9968E60F6773190025564F /* NSData-SQLitePersistence.m */ = {isa = PBXFileReference; fileEncoding = 4; lastKnownFileType = sourcecode.c.objc; name = "NSData-SQLitePersistence.m"; path = "SQLitePersistentObjects/NSData-SQLitePersistence.m"; sourceTree = "<group>"; };
		8A9968E70F6773190025564F /* NSDate-SQLitePersistence.h */ = {isa = PBXFileReference; fileEncoding = 4; lastKnownFileType = sourcecode.c.h; name = "NSDate-SQLitePersistence.h"; path = "SQLitePersistentObjects/NSDate-SQLitePersistence.h"; sourceTree = "<group>"; };
		8A9968E80F6773190025564F /* NSDate-SQLitePersistence.m */ = {isa = PBXFileReference; fileEncoding = 4; lastKnownFileType = sourcecode.c.objc; name = "NSDate-SQLitePersistence.m"; path = "SQLitePersistentObjects/NSDate-SQLitePersistence.m"; sourceTree = "<group>"; };
		8A9968E90F6773190025564F /* NSMutableArray-MultipleSort.h */ = {isa = PBXFileReference; fileEncoding = 4; lastKnownFileType = sourcecode.c.h; name = "NSMutableArray-MultipleSort.h"; path = "SQLitePersistentObjects/NSMutableArray-MultipleSort.h"; sourceTree = "<group>"; };
		8A9968EA0F6773190025564F /* NSMutableArray-MultipleSort.m */ = {isa = PBXFileReference; fileEncoding = 4; lastKnownFileType = sourcecode.c.objc; name = "NSMutableArray-MultipleSort.m"; path = "SQLitePersistentObjects/NSMutableArray-MultipleSort.m"; sourceTree = "<group>"; };
		8A9968EB0F6773190025564F /* NSMutableData-SQLitePersistence.h */ = {isa = PBXFileReference; fileEncoding = 4; lastKnownFileType = sourcecode.c.h; name = "NSMutableData-SQLitePersistence.h"; path = "SQLitePersistentObjects/NSMutableData-SQLitePersistence.h"; sourceTree = "<group>"; };
		8A9968EC0F6773190025564F /* NSMutableData-SQLitePersistence.m */ = {isa = PBXFileReference; fileEncoding = 4; lastKnownFileType = sourcecode.c.objc; name = "NSMutableData-SQLitePersistence.m"; path = "SQLitePersistentObjects/NSMutableData-SQLitePersistence.m"; sourceTree = "<group>"; };
		8A9968ED0F6773190025564F /* NSNumber-SQLitePersistence.h */ = {isa = PBXFileReference; fileEncoding = 4; lastKnownFileType = sourcecode.c.h; name = "NSNumber-SQLitePersistence.h"; path = "SQLitePersistentObjects/NSNumber-SQLitePersistence.h"; sourceTree = "<group>"; };
		8A9968EE0F6773190025564F /* NSNumber-SQLitePersistence.m */ = {isa = PBXFileReference; fileEncoding = 4; lastKnownFileType = sourcecode.c.objc; name = "NSNumber-SQLitePersistence.m"; path = "SQLitePersistentObjects/NSNumber-SQLitePersistence.m"; sourceTree = "<group>"; };
		8A9968EF0F6773190025564F /* NSObject-ClassName.h */ = {isa = PBXFileReference; fileEncoding = 4; lastKnownFileType = sourcecode.c.h; name = "NSObject-ClassName.h"; path = "SQLitePersistentObjects/NSObject-ClassName.h"; sourceTree = "<group>"; };
		8A9968F00F6773190025564F /* NSObject-ClassName.m */ = {isa = PBXFileReference; fileEncoding = 4; lastKnownFileType = sourcecode.c.objc; name = "NSObject-ClassName.m"; path = "SQLitePersistentObjects/NSObject-ClassName.m"; sourceTree = "<group>"; };
		8A9968F10F6773190025564F /* NSObject-MissingKV.h */ = {isa = PBXFileReference; fileEncoding = 4; lastKnownFileType = sourcecode.c.h; name = "NSObject-MissingKV.h"; path = "SQLitePersistentObjects/NSObject-MissingKV.h"; sourceTree = "<group>"; };
		8A9968F20F6773190025564F /* NSObject-MissingKV.m */ = {isa = PBXFileReference; fileEncoding = 4; lastKnownFileType = sourcecode.c.objc; name = "NSObject-MissingKV.m"; path = "SQLitePersistentObjects/NSObject-MissingKV.m"; sourceTree = "<group>"; };
		8A9968F30F6773190025564F /* NSObject-SQLitePersistence.h */ = {isa = PBXFileReference; fileEncoding = 4; lastKnownFileType = sourcecode.c.h; name = "NSObject-SQLitePersistence.h"; path = "SQLitePersistentObjects/NSObject-SQLitePersistence.h"; sourceTree = "<group>"; };
		8A9968F40F6773190025564F /* NSObject-SQLitePersistence.m */ = {isa = PBXFileReference; fileEncoding = 4; lastKnownFileType = sourcecode.c.objc; name = "NSObject-SQLitePersistence.m"; path = "SQLitePersistentObjects/NSObject-SQLitePersistence.m"; sourceTree = "<group>"; };
		8A9968F50F6773190025564F /* NSString-NumberStuff.h */ = {isa = PBXFileReference; fileEncoding = 4; lastKnownFileType = sourcecode.c.h; name = "NSString-NumberStuff.h"; path = "SQLitePersistentObjects/NSString-NumberStuff.h"; sourceTree = "<group>"; };
		8A9968F60F6773190025564F /* NSString-NumberStuff.m */ = {isa = PBXFileReference; fileEncoding = 4; lastKnownFileType = sourcecode.c.objc; name = "NSString-NumberStuff.m"; path = "SQLitePersistentObjects/NSString-NumberStuff.m"; sourceTree = "<group>"; };
		8A9968F70F6773190025564F /* NSString-SQLiteColumnName.h */ = {isa = PBXFileReference; fileEncoding = 4; lastKnownFileType = sourcecode.c.h; name = "NSString-SQLiteColumnName.h"; path = "SQLitePersistentObjects/NSString-SQLiteColumnName.h"; sourceTree = "<group>"; };
		8A9968F80F6773190025564F /* NSString-SQLiteColumnName.m */ = {isa = PBXFileReference; fileEncoding = 4; lastKnownFileType = sourcecode.c.objc; name = "NSString-SQLiteColumnName.m"; path = "SQLitePersistentObjects/NSString-SQLiteColumnName.m"; sourceTree = "<group>"; };
		8A9968F90F6773190025564F /* NSString-SQLitePersistence.h */ = {isa = PBXFileReference; fileEncoding = 4; lastKnownFileType = sourcecode.c.h; name = "NSString-SQLitePersistence.h"; path = "SQLitePersistentObjects/NSString-SQLitePersistence.h"; sourceTree = "<group>"; };
		8A9968FA0F6773190025564F /* NSString-SQLitePersistence.m */ = {isa = PBXFileReference; fileEncoding = 4; lastKnownFileType = sourcecode.c.objc; name = "NSString-SQLitePersistence.m"; path = "SQLitePersistentObjects/NSString-SQLitePersistence.m"; sourceTree = "<group>"; };
		8A9968FB0F6773190025564F /* NSString-UppercaseFirst.h */ = {isa = PBXFileReference; fileEncoding = 4; lastKnownFileType = sourcecode.c.h; name = "NSString-UppercaseFirst.h"; path = "SQLitePersistentObjects/NSString-UppercaseFirst.h"; sourceTree = "<group>"; };
		8A9968FC0F6773190025564F /* NSString-UppercaseFirst.m */ = {isa = PBXFileReference; fileEncoding = 4; lastKnownFileType = sourcecode.c.objc; name = "NSString-UppercaseFirst.m"; path = "SQLitePersistentObjects/NSString-UppercaseFirst.m"; sourceTree = "<group>"; };
		8A9968FD0F6773190025564F /* SQLiteInstanceManager.h */ = {isa = PBXFileReference; fileEncoding = 4; lastKnownFileType = sourcecode.c.h; name = SQLiteInstanceManager.h; path = SQLitePersistentObjects/SQLiteInstanceManager.h; sourceTree = "<group>"; };
		8A9968FE0F6773190025564F /* SQLiteInstanceManager.m */ = {isa = PBXFileReference; fileEncoding = 4; lastKnownFileType = sourcecode.c.objc; name = SQLiteInstanceManager.m; path = SQLitePersistentObjects/SQLiteInstanceManager.m; sourceTree = "<group>"; };
		8A9968FF0F6773190025564F /* SQLitePersistentObject.h */ = {isa = PBXFileReference; fileEncoding = 4; lastKnownFileType = sourcecode.c.h; name = SQLitePersistentObject.h; path = SQLitePersistentObjects/SQLitePersistentObject.h; sourceTree = "<group>"; };
		8A9969000F6773190025564F /* SQLitePersistentObject.m */ = {isa = PBXFileReference; fileEncoding = 4; lastKnownFileType = sourcecode.c.objc; name = SQLitePersistentObject.m; path = SQLitePersistentObjects/SQLitePersistentObject.m; sourceTree = "<group>"; };
		8A9969010F6773190025564F /* UIColor-SQLitePersistentObject.h */ = {isa = PBXFileReference; fileEncoding = 4; lastKnownFileType = sourcecode.c.h; name = "UIColor-SQLitePersistentObject.h"; path = "SQLitePersistentObjects/UIColor-SQLitePersistentObject.h"; sourceTree = "<group>"; };
		8A9969020F6773190025564F /* UIColor-SQLitePersistentObject.m */ = {isa = PBXFileReference; fileEncoding = 4; lastKnownFileType = sourcecode.c.objc; name = "UIColor-SQLitePersistentObject.m"; path = "SQLitePersistentObjects/UIColor-SQLitePersistentObject.m"; sourceTree = "<group>"; };
		8A9969030F6773190025564F /* UIImage-SQLitePersistence.h */ = {isa = PBXFileReference; fileEncoding = 4; lastKnownFileType = sourcecode.c.h; name = "UIImage-SQLitePersistence.h"; path = "SQLitePersistentObjects/UIImage-SQLitePersistence.h"; sourceTree = "<group>"; };
		8A9969040F6773190025564F /* UIImage-SQLitePersistence.m */ = {isa = PBXFileReference; fileEncoding = 4; lastKnownFileType = sourcecode.c.objc; name = "UIImage-SQLitePersistence.m"; path = "SQLitePersistentObjects/UIImage-SQLitePersistence.m"; sourceTree = "<group>"; };
		8A99692A0F6773C10025564F /* libsqlite3.0.dylib */ = {isa = PBXFileReference; lastKnownFileType = "compiled.mach-o.dylib"; name = libsqlite3.0.dylib; path = usr/lib/libsqlite3.0.dylib; sourceTree = SDKROOT; };
		8A9969710F67870C0025564F /* sqlpotests.sqlite3 */ = {isa = PBXFileReference; lastKnownFileType = file; path = sqlpotests.sqlite3; sourceTree = "<group>"; };
		8D1107310486CEB800E47090 /* Info.plist */ = {isa = PBXFileReference; fileEncoding = 4; lastKnownFileType = text.plist.xml; path = Info.plist; sourceTree = "<group>"; };
/* End PBXFileReference section */

/* Begin PBXFrameworksBuildPhase section */
		1D60588F0D05DD3D006BFB54 /* Frameworks */ = {
			isa = PBXFrameworksBuildPhase;
			buildActionMask = 2147483647;
			files = (
				1D60589F0D05DD5A006BFB54 /* Foundation.framework in Frameworks */,
				1DF5F4E00D08C38300B7A737 /* UIKit.framework in Frameworks */,
				2892E4100DC94CBA00A64D0F /* CoreGraphics.framework in Frameworks */,
				8A99692B0F6773C10025564F /* libsqlite3.0.dylib in Frameworks */,
			);
			runOnlyForDeploymentPostprocessing = 0;
		};
/* End PBXFrameworksBuildPhase section */

/* Begin PBXGroup section */
		080E96DDFE201D6D7F000001 /* Classes */ = {
			isa = PBXGroup;
			children = (
				28C286DF0D94DF7D0034E888 /* RootViewController.h */,
				28C286E00D94DF7D0034E888 /* RootViewController.m */,
				1D3623240D0F684500981E51 /* SQLPOTestsAppDelegate.h */,
				1D3623250D0F684500981E51 /* SQLPOTestsAppDelegate.m */,
				8A9968C70F6640440025564F /* SQLPOTestsPerson.h */,
				8A9968C80F6640440025564F /* SQLPOTestsPerson.m */,
				8A9968CA0F6640590025564F /* SQLPOTestsPet.h */,
				8A9968CB0F6640590025564F /* SQLPOTestsPet.m */,
				8A9968CD0F66406D0025564F /* SQLPOTestsGroomer.h */,
				8A9968CE0F66406D0025564F /* SQLPOTestsGroomer.m */,
			);
			path = Classes;
			sourceTree = "<group>";
		};
		19C28FACFE9D520D11CA2CBB /* Products */ = {
			isa = PBXGroup;
			children = (
				1D6058910D05DD3D006BFB54 /* SQLPOTests.app */,
			);
			name = Products;
			sourceTree = "<group>";
		};
		29B97314FDCFA39411CA2CEA /* CustomTemplate */ = {
			isa = PBXGroup;
			children = (
				8A9968E40F6772FA0025564F /* SQLitePersistentObjects */,
				080E96DDFE201D6D7F000001 /* Classes */,
				29B97315FDCFA39411CA2CEA /* Other Sources */,
				29B97317FDCFA39411CA2CEA /* Resources */,
				29B97323FDCFA39411CA2CEA /* Frameworks */,
				19C28FACFE9D520D11CA2CBB /* Products */,
			);
			name = CustomTemplate;
			sourceTree = "<group>";
		};
		29B97315FDCFA39411CA2CEA /* Other Sources */ = {
			isa = PBXGroup;
			children = (
				28A0AAE50D9B0CCF005BE974 /* SQLPOTests_Prefix.pch */,
				29B97316FDCFA39411CA2CEA /* main.m */,
			);
			name = "Other Sources";
			sourceTree = "<group>";
		};
		29B97317FDCFA39411CA2CEA /* Resources */ = {
			isa = PBXGroup;
			children = (
				8A9969710F67870C0025564F /* sqlpotests.sqlite3 */,
				2899E55F0DE3E45000AC0155 /* RootViewController.xib */,
				28AD735F0D9D9599002E5188 /* MainWindow.xib */,
				8D1107310486CEB800E47090 /* Info.plist */,
			);
			name = Resources;
			sourceTree = "<group>";
		};
		29B97323FDCFA39411CA2CEA /* Frameworks */ = {
			isa = PBXGroup;
			children = (
				8A99692A0F6773C10025564F /* libsqlite3.0.dylib */,
				1DF5F4DF0D08C38300B7A737 /* UIKit.framework */,
				1D30AB110D05D00D00671497 /* Foundation.framework */,
				2892E40F0DC94CBA00A64D0F /* CoreGraphics.framework */,
			);
			name = Frameworks;
			sourceTree = "<group>";
		};
		8A9968E40F6772FA0025564F /* SQLitePersistentObjects */ = {
			isa = PBXGroup;
			children = (
				8A9968E50F6773190025564F /* NSData-SQLitePersistence.h */,
				8A9968E60F6773190025564F /* NSData-SQLitePersistence.m */,
				8A9968E70F6773190025564F /* NSDate-SQLitePersistence.h */,
				8A9968E80F6773190025564F /* NSDate-SQLitePersistence.m */,
				8A9968E90F6773190025564F /* NSMutableArray-MultipleSort.h */,
				8A9968EA0F6773190025564F /* NSMutableArray-MultipleSort.m */,
				8A9968EB0F6773190025564F /* NSMutableData-SQLitePersistence.h */,
				8A9968EC0F6773190025564F /* NSMutableData-SQLitePersistence.m */,
				8A9968ED0F6773190025564F /* NSNumber-SQLitePersistence.h */,
				8A9968EE0F6773190025564F /* NSNumber-SQLitePersistence.m */,
				8A9968EF0F6773190025564F /* NSObject-ClassName.h */,
				8A9968F00F6773190025564F /* NSObject-ClassName.m */,
				8A9968F10F6773190025564F /* NSObject-MissingKV.h */,
				8A9968F20F6773190025564F /* NSObject-MissingKV.m */,
				8A9968F30F6773190025564F /* NSObject-SQLitePersistence.h */,
				8A9968F40F6773190025564F /* NSObject-SQLitePersistence.m */,
				8A9968F50F6773190025564F /* NSString-NumberStuff.h */,
				8A9968F60F6773190025564F /* NSString-NumberStuff.m */,
				8A9968F70F6773190025564F /* NSString-SQLiteColumnName.h */,
				8A9968F80F6773190025564F /* NSString-SQLiteColumnName.m */,
				8A9968F90F6773190025564F /* NSString-SQLitePersistence.h */,
				8A9968FA0F6773190025564F /* NSString-SQLitePersistence.m */,
				8A9968FB0F6773190025564F /* NSString-UppercaseFirst.h */,
				8A9968FC0F6773190025564F /* NSString-UppercaseFirst.m */,
				8A9968FD0F6773190025564F /* SQLiteInstanceManager.h */,
				8A9968FE0F6773190025564F /* SQLiteInstanceManager.m */,
				8A9968FF0F6773190025564F /* SQLitePersistentObject.h */,
				8A9969000F6773190025564F /* SQLitePersistentObject.m */,
				8A9969010F6773190025564F /* UIColor-SQLitePersistentObject.h */,
				8A9969020F6773190025564F /* UIColor-SQLitePersistentObject.m */,
				8A9969030F6773190025564F /* UIImage-SQLitePersistence.h */,
				8A9969040F6773190025564F /* UIImage-SQLitePersistence.m */,
			);
			name = SQLitePersistentObjects;
			sourceTree = "<group>";
		};
/* End PBXGroup section */

/* Begin PBXNativeTarget section */
		1D6058900D05DD3D006BFB54 /* SQLPOTests */ = {
			isa = PBXNativeTarget;
			buildConfigurationList = 1D6058960D05DD3E006BFB54 /* Build configuration list for PBXNativeTarget "SQLPOTests" */;
			buildPhases = (
				1D60588D0D05DD3D006BFB54 /* Resources */,
				1D60588E0D05DD3D006BFB54 /* Sources */,
				1D60588F0D05DD3D006BFB54 /* Frameworks */,
			);
			buildRules = (
			);
			dependencies = (
			);
			name = SQLPOTests;
			productName = SQLPOTests;
			productReference = 1D6058910D05DD3D006BFB54 /* SQLPOTests.app */;
			productType = "com.apple.product-type.application";
		};
/* End PBXNativeTarget section */

/* Begin PBXProject section */
		29B97313FDCFA39411CA2CEA /* Project object */ = {
			isa = PBXProject;
			buildConfigurationList = C01FCF4E08A954540054247B /* Build configuration list for PBXProject "SQLPOTests" */;
			compatibilityVersion = "Xcode 3.1";
			hasScannedForEncodings = 1;
			knownRegions = (
				English,
				Japanese,
				French,
				German,
				en,
			);
			mainGroup = 29B97314FDCFA39411CA2CEA /* CustomTemplate */;
			projectDirPath = "";
			projectRoot = "";
			targets = (
				1D6058900D05DD3D006BFB54 /* SQLPOTests */,
			);
		};
/* End PBXProject section */

/* Begin PBXResourcesBuildPhase section */
		1D60588D0D05DD3D006BFB54 /* Resources */ = {
			isa = PBXResourcesBuildPhase;
			buildActionMask = 2147483647;
			files = (
				28AD73600D9D9599002E5188 /* MainWindow.xib in Resources */,
				2899E5600DE3E45000AC0155 /* RootViewController.xib in Resources */,
				8A9969720F67870C0025564F /* sqlpotests.sqlite3 in Resources */,
			);
			runOnlyForDeploymentPostprocessing = 0;
		};
/* End PBXResourcesBuildPhase section */

/* Begin PBXSourcesBuildPhase section */
		1D60588E0D05DD3D006BFB54 /* Sources */ = {
			isa = PBXSourcesBuildPhase;
			buildActionMask = 2147483647;
			files = (
				1D60589B0D05DD56006BFB54 /* main.m in Sources */,
				1D3623260D0F684500981E51 /* SQLPOTestsAppDelegate.m in Sources */,
				28C286E10D94DF7D0034E888 /* RootViewController.m in Sources */,
				8A9968C90F6640440025564F /* SQLPOTestsPerson.m in Sources */,
				8A9968CC0F6640590025564F /* SQLPOTestsPet.m in Sources */,
				8A9968CF0F66406D0025564F /* SQLPOTestsGroomer.m in Sources */,
				8A9969050F6773190025564F /* NSData-SQLitePersistence.m in Sources */,
				8A9969060F6773190025564F /* NSDate-SQLitePersistence.m in Sources */,
				8A9969070F6773190025564F /* NSMutableArray-MultipleSort.m in Sources */,
				8A9969080F6773190025564F /* NSMutableData-SQLitePersistence.m in Sources */,
				8A9969090F6773190025564F /* NSNumber-SQLitePersistence.m in Sources */,
				8A99690A0F6773190025564F /* NSObject-ClassName.m in Sources */,
				8A99690B0F6773190025564F /* NSObject-MissingKV.m in Sources */,
				8A99690C0F6773190025564F /* NSObject-SQLitePersistence.m in Sources */,
				8A99690D0F6773190025564F /* NSString-NumberStuff.m in Sources */,
				8A99690E0F6773190025564F /* NSString-SQLiteColumnName.m in Sources */,
				8A99690F0F6773190025564F /* NSString-SQLitePersistence.m in Sources */,
				8A9969100F6773190025564F /* NSString-UppercaseFirst.m in Sources */,
				8A9969110F6773190025564F /* SQLiteInstanceManager.m in Sources */,
				8A9969120F6773190025564F /* SQLitePersistentObject.m in Sources */,
				8A9969130F6773190025564F /* UIColor-SQLitePersistentObject.m in Sources */,
				8A9969140F6773190025564F /* UIImage-SQLitePersistence.m in Sources */,
			);
			runOnlyForDeploymentPostprocessing = 0;
		};
/* End PBXSourcesBuildPhase section */

/* Begin XCBuildConfiguration section */
		1D6058940D05DD3E006BFB54 /* Debug */ = {
			isa = XCBuildConfiguration;
			buildSettings = {
				ALWAYS_SEARCH_USER_PATHS = NO;
				COPY_PHASE_STRIP = NO;
				GCC_DYNAMIC_NO_PIC = NO;
				GCC_OPTIMIZATION_LEVEL = 0;
				GCC_PRECOMPILE_PREFIX_HEADER = YES;
				GCC_PREFIX_HEADER = SQLPOTests_Prefix.pch;
				INFOPLIST_FILE = Info.plist;
				PRODUCT_NAME = SQLPOTests;
			};
			name = Debug;
		};
		1D6058950D05DD3E006BFB54 /* Release */ = {
			isa = XCBuildConfiguration;
			buildSettings = {
				ALWAYS_SEARCH_USER_PATHS = NO;
				COPY_PHASE_STRIP = YES;
				GCC_PRECOMPILE_PREFIX_HEADER = YES;
				GCC_PREFIX_HEADER = SQLPOTests_Prefix.pch;
				INFOPLIST_FILE = Info.plist;
				PRODUCT_NAME = SQLPOTests;
			};
			name = Release;
		};
		C01FCF4F08A954540054247B /* Debug */ = {
			isa = XCBuildConfiguration;
			buildSettings = {
				ARCHS = "$(ARCHS_STANDARD_32_BIT)";
				"CODE_SIGN_IDENTITY[sdk=iphoneos*]" = "iPhone Developer";
				GCC_C_LANGUAGE_STANDARD = c99;
				GCC_WARN_ABOUT_RETURN_TYPE = YES;
				GCC_WARN_UNUSED_VARIABLE = YES;
				ONLY_ACTIVE_ARCH = YES;
				PREBINDING = NO;
				SDKROOT = iphoneos2.2.1;
			};
			name = Debug;
		};
		C01FCF5008A954540054247B /* Release */ = {
			isa = XCBuildConfiguration;
			buildSettings = {
				ARCHS = "$(ARCHS_STANDARD_32_BIT)";
				"CODE_SIGN_IDENTITY[sdk=iphoneos*]" = "iPhone Developer";
				GCC_C_LANGUAGE_STANDARD = c99;
				GCC_WARN_ABOUT_RETURN_TYPE = YES;
				GCC_WARN_UNUSED_VARIABLE = YES;
				PREBINDING = NO;
				SDKROOT = iphoneos2.2.1;
			};
			name = Release;
		};
/* End XCBuildConfiguration section */

/* Begin XCConfigurationList section */
		1D6058960D05DD3E006BFB54 /* Build configuration list for PBXNativeTarget "SQLPOTests" */ = {
			isa = XCConfigurationList;
			buildConfigurations = (
				1D6058940D05DD3E006BFB54 /* Debug */,
				1D6058950D05DD3E006BFB54 /* Release */,
			);
			defaultConfigurationIsVisible = 0;
			defaultConfigurationName = Release;
		};
		C01FCF4E08A954540054247B /* Build configuration list for PBXProject "SQLPOTests" */ = {
			isa = XCConfigurationList;
			buildConfigurations = (
				C01FCF4F08A954540054247B /* Debug */,
				C01FCF5008A954540054247B /* Release */,
			);
			defaultConfigurationIsVisible = 0;
			defaultConfigurationName = Release;
		};
/* End XCConfigurationList section */
	};
	rootObject = 29B97313FDCFA39411CA2CEA /* Project object */;
}
